{
  "originHash" : "e72979a2dc3594f9502d410f148c21109b509c9815ddc3f6633bc0e1e439ed66",
  "pins" : [
    {
      "identity" : "tonic",
      "kind" : "remoteSourceControl",
      "location" : "https://github.com/AudioKit/Tonic.git",
      "state" : {
        "revision" : "8f103c6765af93bc1d2c3e18eb35f02718b0613d",
        "version" : "2.0.0"
      }
    }
  ],
  "version" : 3
}
